{
  "lockfileVersion": 1,
  "configVersion": 0,
  "workspaces": {
    "": {
      "name": "apicli",
      "dependencies": {
        "@iarna/toml": "^3.0.0",
      },
    },
  },
  "packages": {
    "@iarna/toml": ["@iarna/toml@3.0.0", "", {}, "sha512-td6ZUkz2oS3VeleBcN+m//Q6HlCFCPrnI0FZhrt/h4XqLEdOyYp2u21nd8MdsR+WJy5r9PTDaHTDDfhf4H4l6Q=="],
  }
}
